%{"elixir_make": {:hex, :elixir_make, "0.4.0", "992f38fabe705bb45821a728f20914c554b276838433349d4f2341f7a687cddf", [:mix], [], "hexpm"},
  "ex_unit_notifier": {:hex, :ex_unit_notifier, "0.1.3", "050d1a88acfb3f97d3a4d0abefdc822a64807282a90aa09866fe3d88bcac87f7", [:mix], [], "hexpm"},
  "rustler": {:hex, :rustler, "0.10.1", "cedcce8b8960e5a8d528903891e8cc7f2f0306680a1c478455e3d8e572c65cc4", [], [], "hexpm"}}
